{
  "version": 4,
  "terraform_version": "1.6.2",
  "serial": 77,
  "lineage": "10b1d826-9984-66b8-0059-cc8c239a0148",
  "outputs": {},
  "resources": [
    {
      "mode": "managed",
      "type": "aws_cognito_user_pool",
      "name": "projekt",
      "provider": "provider[\"registry.terraform.io/hashicorp/aws\"]",
      "instances": [
        {
          "schema_version": 0,
          "attributes": {
            "account_recovery_setting": [
              {
                "recovery_mechanism": [
                  {
                    "name": "admin_only",
                    "priority": 1
                  }
                ]
              }
            ],
            "admin_create_user_config": [
              {
                "allow_admin_create_user_only": false,
                "invite_message_template": []
              }
            ],
            "alias_attributes": null,
            "arn": "arn:aws:cognito-idp:eu-central-1:088367776383:userpool/eu-central-1_eH4ul7xkI",
            "auto_verified_attributes": [
              "email"
            ],
            "creation_date": "2023-11-09T18:24:38Z",
            "custom_domain": "",
            "deletion_protection": "ACTIVE",
            "device_configuration": [],
            "domain": "",
            "email_configuration": [
              {
                "configuration_set": "",
                "email_sending_account": "COGNITO_DEFAULT",
                "from_email_address": "",
                "reply_to_email_address": "",
                "source_arn": ""
              }
            ],
            "email_verification_message": "",
            "email_verification_subject": "",
            "endpoint": "cognito-idp.eu-central-1.amazonaws.com/eu-central-1_eH4ul7xkI",
            "estimated_number_of_users": 0,
            "id": "eu-central-1_eH4ul7xkI",
            "lambda_config": [],
            "last_modified_date": "2023-11-09T18:24:38Z",
            "mfa_configuration": "OFF",
            "name": "studia",
            "password_policy": [
              {
                "minimum_length": 8,
                "require_lowercase": true,
                "require_numbers": true,
                "require_symbols": true,
                "require_uppercase": true,
                "temporary_password_validity_days": 7
              }
            ],
            "schema": [],
            "sms_authentication_message": "",
            "sms_configuration": [],
            "sms_verification_message": "",
            "software_token_mfa_configuration": [],
            "tags": {
              "Projekt": "Zespolowy"
            },
            "tags_all": {
              "Projekt": "Zespolowy"
            },
            "user_attribute_update_settings": [
              {
                "attributes_require_verification_before_update": [
                  "email"
                ]
              }
            ],
            "user_pool_add_ons": [],
            "username_attributes": [
              "email"
            ],
            "username_configuration": [
              {
                "case_sensitive": false
              }
            ],
            "verification_message_template": [
              {
                "default_email_option": "CONFIRM_WITH_CODE",
                "email_message": "",
                "email_message_by_link": "",
                "email_subject": "",
                "email_subject_by_link": "",
                "sms_message": ""
              }
            ]
          },
          "sensitive_attributes": [],
          "private": "bnVsbA=="
        }
      ]
    }
  ],
  "check_results": null
}
